// !$*UTF8*$!
{
	archiveVersion = 1;
	classes = {
	};
	objectVersion = 55;
	objects = {

/* Begin PBXBuildFile section */
		63A5FE81271A8318006D37FC /* API_JSONApp.swift in Sources */ = {isa = PBXBuildFile; fileRef = 63A5FE80271A8318006D37FC /* API_JSONApp.swift */; };
		63A5FE83271A8318006D37FC /* ContentView.swift in Sources */ = {isa = PBXBuildFile; fileRef = 63A5FE82271A8318006D37FC /* ContentView.swift */; };
		63A5FE85271A831C006D37FC /* Assets.xcassets in Resources */ = {isa = PBXBuildFile; fileRef = 63A5FE84271A831C006D37FC /* Assets.xcassets */; };
		63A5FE88271A831C006D37FC /* Preview Assets.xcassets in Resources */ = {isa = PBXBuildFile; fileRef = 63A5FE87271A831C006D37FC /* Preview Assets.xcassets */; };
		63A5FE8F271A8335006D37FC /* Data.swift in Sources */ = {isa = PBXBuildFile; fileRef = 63A5FE8E271A8335006D37FC /* Data.swift */; };
		63D9563C271BF60D001CC46E /* AddFilmView.swift in Sources */ = {isa = PBXBuildFile; fileRef = 63D9563B271BF60D001CC46E /* AddFilmView.swift */; };
		63D95640271C2860001CC46E /* FilmViewMain.swift in Sources */ = {isa = PBXBuildFile; fileRef = 63D9563F271C2860001CC46E /* FilmViewMain.swift */; };
		63D95642271C2985001CC46E /* StarshipViewMain.swift in Sources */ = {isa = PBXBuildFile; fileRef = 63D95641271C2985001CC46E /* StarshipViewMain.swift */; };
		63D95644271C29D9001CC46E /* AddStarshipView.swift in Sources */ = {isa = PBXBuildFile; fileRef = 63D95643271C29D9001CC46E /* AddStarshipView.swift */; };
/* End PBXBuildFile section */

/* Begin PBXFileReference section */
		63A5FE7D271A8318006D37FC /* API-JSON.app */ = {isa = PBXFileReference; explicitFileType = wrapper.application; includeInIndex = 0; path = "API-JSON.app"; sourceTree = BUILT_PRODUCTS_DIR; };
		63A5FE80271A8318006D37FC /* API_JSONApp.swift */ = {isa = PBXFileReference; lastKnownFileType = sourcecode.swift; path = API_JSONApp.swift; sourceTree = "<group>"; };
		63A5FE82271A8318006D37FC /* ContentView.swift */ = {isa = PBXFileReference; lastKnownFileType = sourcecode.swift; path = ContentView.swift; sourceTree = "<group>"; };
		63A5FE84271A831C006D37FC /* Assets.xcassets */ = {isa = PBXFileReference; lastKnownFileType = folder.assetcatalog; path = Assets.xcassets; sourceTree = "<group>"; };
		63A5FE87271A831C006D37FC /* Preview Assets.xcassets */ = {isa = PBXFileReference; lastKnownFileType = folder.assetcatalog; path = "Preview Assets.xcassets"; sourceTree = "<group>"; };
		63A5FE8E271A8335006D37FC /* Data.swift */ = {isa = PBXFileReference; lastKnownFileType = sourcecode.swift; path = Data.swift; sourceTree = "<group>"; };
		63D9563B271BF60D001CC46E /* AddFilmView.swift */ = {isa = PBXFileReference; lastKnownFileType = sourcecode.swift; path = AddFilmView.swift; sourceTree = "<group>"; };
		63D9563F271C2860001CC46E /* FilmViewMain.swift */ = {isa = PBXFileReference; lastKnownFileType = sourcecode.swift; path = FilmViewMain.swift; sourceTree = "<group>"; };
		63D95641271C2985001CC46E /* StarshipViewMain.swift */ = {isa = PBXFileReference; lastKnownFileType = sourcecode.swift; path = StarshipViewMain.swift; sourceTree = "<group>"; };
		63D95643271C29D9001CC46E /* AddStarshipView.swift */ = {isa = PBXFileReference; lastKnownFileType = sourcecode.swift; path = AddStarshipView.swift; sourceTree = "<group>"; };
/* End PBXFileReference section */

/* Begin PBXFrameworksBuildPhase section */
		63A5FE7A271A8318006D37FC /* Frameworks */ = {
			isa = PBXFrameworksBuildPhase;
			buildActionMask = 2147483647;
			files = (
			);
			runOnlyForDeploymentPostprocessing = 0;
		};
/* End PBXFrameworksBuildPhase section */

/* Begin PBXGroup section */
		63A5FE74271A8318006D37FC = {
			isa = PBXGroup;
			children = (
				63A5FE7F271A8318006D37FC /* API-JSON */,
				63A5FE7E271A8318006D37FC /* Products */,
			);
			sourceTree = "<group>";
		};
		63A5FE7E271A8318006D37FC /* Products */ = {
			isa = PBXGroup;
			children = (
				63A5FE7D271A8318006D37FC /* API-JSON.app */,
			);
			name = Products;
			sourceTree = "<group>";
		};
		63A5FE7F271A8318006D37FC /* API-JSON */ = {
			isa = PBXGroup;
			children = (
				63D9563E271C283B001CC46E /* Views */,
				63D9563D271C2751001CC46E /* Model */,
				63A5FE80271A8318006D37FC /* API_JSONApp.swift */,
				63A5FE84271A831C006D37FC /* Assets.xcassets */,
				63A5FE86271A831C006D37FC /* Preview Content */,
			);
			path = "API-JSON";
			sourceTree = "<group>";
		};
		63A5FE86271A831C006D37FC /* Preview Content */ = {
			isa = PBXGroup;
			children = (
				63A5FE87271A831C006D37FC /* Preview Assets.xcassets */,
			);
			path = "Preview Content";
			sourceTree = "<group>";
		};
		63D9563D271C2751001CC46E /* Model */ = {
			isa = PBXGroup;
			children = (
				63A5FE8E271A8335006D37FC /* Data.swift */,
			);
			path = Model;
			sourceTree = "<group>";
		};
		63D9563E271C283B001CC46E /* Views */ = {
			isa = PBXGroup;
			children = (
				63A5FE82271A8318006D37FC /* ContentView.swift */,
				63D9563F271C2860001CC46E /* FilmViewMain.swift */,
				63D9563B271BF60D001CC46E /* AddFilmView.swift */,
				63D95641271C2985001CC46E /* StarshipViewMain.swift */,
				63D95643271C29D9001CC46E /* AddStarshipView.swift */,
			);
			path = Views;
			sourceTree = "<group>";
		};
/* End PBXGroup section */

/* Begin PBXNativeTarget section */
		63A5FE7C271A8318006D37FC /* API-JSON */ = {
			isa = PBXNativeTarget;
			buildConfigurationList = 63A5FE8B271A831C006D37FC /* Build configuration list for PBXNativeTarget "API-JSON" */;
			buildPhases = (
				63A5FE79271A8318006D37FC /* Sources */,
				63A5FE7A271A8318006D37FC /* Frameworks */,
				63A5FE7B271A8318006D37FC /* Resources */,
			);
			buildRules = (
			);
			dependencies = (
			);
			name = "API-JSON";
			productName = "API-JSON";
			productReference = 63A5FE7D271A8318006D37FC /* API-JSON.app */;
			productType = "com.apple.product-type.application";
		};
/* End PBXNativeTarget section */

/* Begin PBXProject section */
		63A5FE75271A8318006D37FC /* Project object */ = {
			isa = PBXProject;
			attributes = {
				BuildIndependentTargetsInParallel = 1;
				LastSwiftUpdateCheck = 1300;
				LastUpgradeCheck = 1300;
				TargetAttributes = {
					63A5FE7C271A8318006D37FC = {
						CreatedOnToolsVersion = 13.0;
					};
				};
			};
			buildConfigurationList = 63A5FE78271A8318006D37FC /* Build configuration list for PBXProject "API-JSON" */;
			compatibilityVersion = "Xcode 13.0";
			developmentRegion = en;
			hasScannedForEncodings = 0;
			knownRegions = (
				en,
				Base,
			);
			mainGroup = 63A5FE74271A8318006D37FC;
			productRefGroup = 63A5FE7E271A8318006D37FC /* Products */;
			projectDirPath = "";
			projectRoot = "";
			targets = (
				63A5FE7C271A8318006D37FC /* API-JSON */,
			);
		};
/* End PBXProject section */

/* Begin PBXResourcesBuildPhase section */
		63A5FE7B271A8318006D37FC /* Resources */ = {
			isa = PBXResourcesBuildPhase;
			buildActionMask = 2147483647;
			files = (
				63A5FE88271A831C006D37FC /* Preview Assets.xcassets in Resources */,
				63A5FE85271A831C006D37FC /* Assets.xcassets in Resources */,
			);
			runOnlyForDeploymentPostprocessing = 0;
		};
/* End PBXResourcesBuildPhase section */

/* Begin PBXSourcesBuildPhase section */
		63A5FE79271A8318006D37FC /* Sources */ = {
			isa = PBXSourcesBuildPhase;
			buildActionMask = 2147483647;
			files = (
				63D9563C271BF60D001CC46E /* AddFilmView.swift in Sources */,
				63D95640271C2860001CC46E /* FilmViewMain.swift in Sources */,
				63A5FE83271A8318006D37FC /* ContentView.swift in Sources */,
				63A5FE8F271A8335006D37FC /* Data.swift in Sources */,
				63A5FE81271A8318006D37FC /* API_JSONApp.swift in Sources */,
				63D95644271C29D9001CC46E /* AddStarshipView.swift in Sources */,
				63D95642271C2985001CC46E /* StarshipViewMain.swift in Sources */,
			);
			runOnlyForDeploymentPostprocessing = 0;
		};
/* End PBXSourcesBuildPhase section */

/* Begin XCBuildConfiguration section */
		63A5FE89271A831C006D37FC /* Debug */ = {
			isa = XCBuildConfiguration;
			buildSettings = {
				ALWAYS_SEARCH_USER_PATHS = NO;
				CLANG_ANALYZER_NONNULL = YES;
				CLANG_ANALYZER_NUMBER_OBJECT_CONVERSION = YES_AGGRESSIVE;
				CLANG_CXX_LANGUAGE_STANDARD = "gnu++17";
				CLANG_CXX_LIBRARY = "libc++";
				CLANG_ENABLE_MODULES = YES;
				CLANG_ENABLE_OBJC_ARC = YES;
				CLANG_ENABLE_OBJC_WEAK = YES;
				CLANG_WARN_BLOCK_CAPTURE_AUTORELEASING = YES;
				CLANG_WARN_BOOL_CONVERSION = YES;
				CLANG_WARN_COMMA = YES;
				CLANG_WARN_CONSTANT_CONVERSION = YES;
				CLANG_WARN_DEPRECATED_OBJC_IMPLEMENTATIONS = YES;
				CLANG_WARN_DIRECT_OBJC_ISA_USAGE = YES_ERROR;
				CLANG_WARN_DOCUMENTATION_COMMENTS = YES;
				CLANG_WARN_EMPTY_BODY = YES;
				CLANG_WARN_ENUM_CONVERSION = YES;
				CLANG_WARN_INFINITE_RECURSION = YES;
				CLANG_WARN_INT_CONVERSION = YES;
				CLANG_WARN_NON_LITERAL_NULL_CONVERSION = YES;
				CLANG_WARN_OBJC_IMPLICIT_RETAIN_SELF = YES;
				CLANG_WARN_OBJC_LITERAL_CONVERSION = YES;
				CLANG_WARN_OBJC_ROOT_CLASS = YES_ERROR;
				CLANG_WARN_QUOTED_INCLUDE_IN_FRAMEWORK_HEADER = YES;
				CLANG_WARN_RANGE_LOOP_ANALYSIS = YES;
				CLANG_WARN_STRICT_PROTOTYPES = YES;
				CLANG_WARN_SUSPICIOUS_MOVE = YES;
				CLANG_WARN_UNGUARDED_AVAILABILITY = YES_AGGRESSIVE;
				CLANG_WARN_UNREACHABLE_CODE = YES;
				CLANG_WARN__DUPLICATE_METHOD_MATCH = YES;
				COPY_PHASE_STRIP = NO;
				DEBUG_INFORMATION_FORMAT = dwarf;
				ENABLE_STRICT_OBJC_MSGSEND = YES;
				ENABLE_TESTABILITY = YES;
				GCC_C_LANGUAGE_STANDARD = gnu11;
				GCC_DYNAMIC_NO_PIC = NO;
				GCC_NO_COMMON_BLOCKS = YES;
				GCC_OPTIMIZATION_LEVEL = 0;
				GCC_PREPROCESSOR_DEFINITIONS = (
					"DEBUG=1",
					"$(inherited)",
				);
				GCC_WARN_64_TO_32_BIT_CONVERSION = YES;
				GCC_WARN_ABOUT_RETURN_TYPE = YES_ERROR;
				GCC_WARN_UNDECLARED_SELECTOR = YES;
				GCC_WARN_UNINITIALIZED_AUTOS = YES_AGGRESSIVE;
				GCC_WARN_UNUSED_FUNCTION = YES;
				GCC_WARN_UNUSED_VARIABLE = YES;
				IPHONEOS_DEPLOYMENT_TARGET = 15.0;
				MTL_ENABLE_DEBUG_INFO = INCLUDE_SOURCE;
				MTL_FAST_MATH = YES;
				ONLY_ACTIVE_ARCH = YES;
				SDKROOT = iphoneos;
				SWIFT_ACTIVE_COMPILATION_CONDITIONS = DEBUG;
				SWIFT_OPTIMIZATION_LEVEL = "-Onone";
			};
			name = Debug;
		};
		63A5FE8A271A831C006D37FC /* Release */ = {
			isa = XCBuildConfiguration;
			buildSettings = {
				ALWAYS_SEARCH_USER_PATHS = NO;
				CLANG_ANALYZER_NONNULL = YES;
				CLANG_ANALYZER_NUMBER_OBJECT_CONVERSION = YES_AGGRESSIVE;
				CLANG_CXX_LANGUAGE_STANDARD = "gnu++17";
				CLANG_CXX_LIBRARY = "libc++";
				CLANG_ENABLE_MODULES = YES;
				CLANG_ENABLE_OBJC_ARC = YES;
				CLANG_ENABLE_OBJC_WEAK = YES;
				CLANG_WARN_BLOCK_CAPTURE_AUTORELEASING = YES;
				CLANG_WARN_BOOL_CONVERSION = YES;
				CLANG_WARN_COMMA = YES;
				CLANG_WARN_CONSTANT_CONVERSION = YES;
				CLANG_WARN_DEPRECATED_OBJC_IMPLEMENTATIONS = YES;
				CLANG_WARN_DIRECT_OBJC_ISA_USAGE = YES_ERROR;
				CLANG_WARN_DOCUMENTATION_COMMENTS = YES;
				CLANG_WARN_EMPTY_BODY = YES;
				CLANG_WARN_ENUM_CONVERSION = YES;
				CLANG_WARN_INFINITE_RECURSION = YES;
				CLANG_WARN_INT_CONVERSION = YES;
				CLANG_WARN_NON_LITERAL_NULL_CONVERSION = YES;
				CLANG_WARN_OBJC_IMPLICIT_RETAIN_SELF = YES;
				CLANG_WARN_OBJC_LITERAL_CONVERSION = YES;
				CLANG_WARN_OBJC_ROOT_CLASS = YES_ERROR;
				CLANG_WARN_QUOTED_INCLUDE_IN_FRAMEWORK_HEADER = YES;
				CLANG_WARN_RANGE_LOOP_ANALYSIS = YES;
				CLANG_WARN_STRICT_PROTOTYPES = YES;
				CLANG_WARN_SUSPICIOUS_MOVE = YES;
				CLANG_WARN_UNGUARDED_AVAILABILITY = YES_AGGRESSIVE;
				CLANG_WARN_UNREACHABLE_CODE = YES;
				CLANG_WARN__DUPLICATE_METHOD_MATCH = YES;
				COPY_PHASE_STRIP = NO;
				DEBUG_INFORMATION_FORMAT = "dwarf-with-dsym";
				ENABLE_NS_ASSERTIONS = NO;
				ENABLE_STRICT_OBJC_MSGSEND = YES;
				GCC_C_LANGUAGE_STANDARD = gnu11;
				GCC_NO_COMMON_BLOCKS = YES;
				GCC_WARN_64_TO_32_BIT_CONVERSION = YES;
				GCC_WARN_ABOUT_RETURN_TYPE = YES_ERROR;
				GCC_WARN_UNDECLARED_SELECTOR = YES;
				GCC_WARN_UNINITIALIZED_AUTOS = YES_AGGRESSIVE;
				GCC_WARN_UNUSED_FUNCTION = YES;
				GCC_WARN_UNUSED_VARIABLE = YES;
				IPHONEOS_DEPLOYMENT_TARGET = 15.0;
				MTL_ENABLE_DEBUG_INFO = NO;
				MTL_FAST_MATH = YES;
				SDKROOT = iphoneos;
				SWIFT_COMPILATION_MODE = wholemodule;
				SWIFT_OPTIMIZATION_LEVEL = "-O";
				VALIDATE_PRODUCT = YES;
			};
			name = Release;
		};
		63A5FE8C271A831C006D37FC /* Debug */ = {
			isa = XCBuildConfiguration;
			buildSettings = {
				ASSETCATALOG_COMPILER_APPICON_NAME = AppIcon;
				ASSETCATALOG_COMPILER_GLOBAL_ACCENT_COLOR_NAME = AccentColor;
				CODE_SIGN_STYLE = Automatic;
				CURRENT_PROJECT_VERSION = 1;
				DEVELOPMENT_ASSET_PATHS = "\"API-JSON/Preview Content\"";
				DEVELOPMENT_TEAM = 4NN53F38ZT;
				ENABLE_PREVIEWS = YES;
				GENERATE_INFOPLIST_FILE = YES;
				INFOPLIST_KEY_UIApplicationSceneManifest_Generation = YES;
				INFOPLIST_KEY_UIApplicationSupportsIndirectInputEvents = YES;
				INFOPLIST_KEY_UILaunchScreen_Generation = YES;
				INFOPLIST_KEY_UISupportedInterfaceOrientations_iPad = "UIInterfaceOrientationPortrait UIInterfaceOrientationPortraitUpsideDown UIInterfaceOrientationLandscapeLeft UIInterfaceOrientationLandscapeRight";
				INFOPLIST_KEY_UISupportedInterfaceOrientations_iPhone = "UIInterfaceOrientationPortrait UIInterfaceOrientationLandscapeLeft UIInterfaceOrientationLandscapeRight";
				IPHONEOS_DEPLOYMENT_TARGET = 14.0;
				LD_RUNPATH_SEARCH_PATHS = (
					"$(inherited)",
					"@executable_path/Frameworks",
				);
				MARKETING_VERSION = 1.0;
				PRODUCT_BUNDLE_IDENTIFIER = "com.davidh.API-JSON";
				PRODUCT_NAME = "$(TARGET_NAME)";
				SWIFT_EMIT_LOC_STRINGS = YES;
				SWIFT_VERSION = 5.0;
				TARGETED_DEVICE_FAMILY = "1,2";
			};
			name = Debug;
		};
		63A5FE8D271A831C006D37FC /* Release */ = {
			isa = XCBuildConfiguration;
			buildSettings = {
				ASSETCATALOG_COMPILER_APPICON_NAME = AppIcon;
				ASSETCATALOG_COMPILER_GLOBAL_ACCENT_COLOR_NAME = AccentColor;
				CODE_SIGN_STYLE = Automatic;
				CURRENT_PROJECT_VERSION = 1;
				DEVELOPMENT_ASSET_PATHS = "\"API-JSON/Preview Content\"";
				DEVELOPMENT_TEAM = 4NN53F38ZT;
				ENABLE_PREVIEWS = YES;
				GENERATE_INFOPLIST_FILE = YES;
				INFOPLIST_KEY_UIApplicationSceneManifest_Generation = YES;
				INFOPLIST_KEY_UIApplicationSupportsIndirectInputEvents = YES;
				INFOPLIST_KEY_UILaunchScreen_Generation = YES;
				INFOPLIST_KEY_UISupportedInterfaceOrientations_iPad = "UIInterfaceOrientationPortrait UIInterfaceOrientationPortraitUpsideDown UIInterfaceOrientationLandscapeLeft UIInterfaceOrientationLandscapeRight";
				INFOPLIST_KEY_UISupportedInterfaceOrientations_iPhone = "UIInterfaceOrientationPortrait UIInterfaceOrientationLandscapeLeft UIInterfaceOrientationLandscapeRight";
				IPHONEOS_DEPLOYMENT_TARGET = 14.0;
				LD_RUNPATH_SEARCH_PATHS = (
					"$(inherited)",
					"@executable_path/Frameworks",
				);
				MARKETING_VERSION = 1.0;
				PRODUCT_BUNDLE_IDENTIFIER = "com.davidh.API-JSON";
				PRODUCT_NAME = "$(TARGET_NAME)";
				SWIFT_EMIT_LOC_STRINGS = YES;
				SWIFT_VERSION = 5.0;
				TARGETED_DEVICE_FAMILY = "1,2";
			};
			name = Release;
		};
/* End XCBuildConfiguration section */

/* Begin XCConfigurationList section */
		63A5FE78271A8318006D37FC /* Build configuration list for PBXProject "API-JSON" */ = {
			isa = XCConfigurationList;
			buildConfigurations = (
				63A5FE89271A831C006D37FC /* Debug */,
				63A5FE8A271A831C006D37FC /* Release */,
			);
			defaultConfigurationIsVisible = 0;
			defaultConfigurationName = Release;
		};
		63A5FE8B271A831C006D37FC /* Build configuration list for PBXNativeTarget "API-JSON" */ = {
			isa = XCConfigurationList;
			buildConfigurations = (
				63A5FE8C271A831C006D37FC /* Debug */,
				63A5FE8D271A831C006D37FC /* Release */,
			);
			defaultConfigurationIsVisible = 0;
			defaultConfigurationName = Release;
		};
/* End XCConfigurationList section */
	};
	rootObject = 63A5FE75271A8318006D37FC /* Project object */;
}
